
Microsoft Visual Studio Solution File, Format Version 10.00
# Visual Studio 2008
Project("{8BC9CEB8-8B4A-11D0-8D11-00A0C91BC942}") = "prova1", "prova1\prova1.vcproj", "{0FADE2D2-F295-4897-A4C8-D8EBA3B877DA}"
EndProject
Global
	GlobalSection(SolutionConfigurationPlatforms) = preSolution
		Debug|Win32 = Debug|Win32
		Release|Win32 = Release|Win32
	EndGlobalSection
	GlobalSection(ProjectConfigurationPlatforms) = postSolution
		{0FADE2D2-F295-4897-A4C8-D8EBA3B877DA}.Debug|Win32.ActiveCfg = Debug|Win32
		{0FADE2D2-F295-4897-A4C8-D8EBA3B877DA}.Debug|Win32.Build.0 = Debug|Win32
		{0FADE2D2-F295-4897-A4C8-D8EBA3B877DA}.Release|Win32.ActiveCfg = Release|Win32
		{0FADE2D2-F295-4897-A4C8-D8EBA3B877DA}.Release|Win32.Build.0 = Release|Win32
	EndGlobalSection
	GlobalSection(SolutionProperties) = preSolution
		HideSolutionNode = FALSE
	EndGlobalSection
EndGlobal
